
Microsoft Visual Studio Solution File, Format Version 12.00
# Visual Studio Version 17
VisualStudioVersion = 17.6.33815.320
MinimumVisualStudioVersion = 10.0.40219.1
Project("{FAE04EC0-301F-11D3-BF4B-00C04F79EFBC}") = "RoleMVC", "RoleMVC\RoleMVC.csproj", "{A40F1961-8CD6-48A7-B06B-48A1C087B666}"
EndProject
Global
	GlobalSection(SolutionConfigurationPlatforms) = preSolution
		Debug|Any CPU = Debug|Any CPU
		Release|Any CPU = Release|Any CPU
	EndGlobalSection
	GlobalSection(ProjectConfigurationPlatforms) = postSolution
		{A40F1961-8CD6-48A7-B06B-48A1C087B666}.Debug|Any CPU.ActiveCfg = Debug|Any CPU
		{A40F1961-8CD6-48A7-B06B-48A1C087B666}.Debug|Any CPU.Build.0 = Debug|Any CPU
		{A40F1961-8CD6-48A7-B06B-48A1C087B666}.Release|Any CPU.ActiveCfg = Release|Any CPU
		{A40F1961-8CD6-48A7-B06B-48A1C087B666}.Release|Any CPU.Build.0 = Release|Any CPU
	EndGlobalSection
	GlobalSection(SolutionProperties) = preSolution
		HideSolutionNode = FALSE
	EndGlobalSection
	GlobalSection(ExtensibilityGlobals) = postSolution
		SolutionGuid = {8BC59117-4ED2-4000-90C9-0F7B319127A3}
	EndGlobalSection
EndGlobal
